
Microsoft Visual Studio Solution File, Format Version 12.00
# Visual Studio 15
VisualStudioVersion = 15.0.27004.2002
MinimumVisualStudioVersion = 10.0.40219.1
Project("{FAE04EC0-301F-11D3-BF4B-00C04F79EFBC}") = "Wilhelm.Frontend", "Wilhelm\Wilhelm.Frontend.csproj", "{673AC60C-8B3D-46F0-B34A-EB4DAF7E2505}"
EndProject
Project("{FAE04EC0-301F-11D3-BF4B-00C04F79EFBC}") = "Wilhelm.Backend", "Wilhelm.Backend\Wilhelm.Backend.csproj", "{960D5EB6-6DBE-40F3-9052-A1754AA97C3F}"
EndProject
Project("{FAE04EC0-301F-11D3-BF4B-00C04F79EFBC}") = "Wilhelm.DataAccess", "Wilhelm.DataAccess\Wilhelm.DataAccess.csproj", "{C08B35D0-5E1C-4487-B8EB-E93E465457A4}"
EndProject
Project("{FAE04EC0-301F-11D3-BF4B-00C04F79EFBC}") = "Wilhelm.UnitTests", "Wilhelm.UnitTests\Wilhelm.UnitTests.csproj", "{3CDEC469-3D9A-499E-8BB9-577C4BDAEF47}"
EndProject
Project("{FAE04EC0-301F-11D3-BF4B-00C04F79EFBC}") = "Wilhelm.IntegrationTests", "Wilhelm.IntegrationTests\Wilhelm.IntegrationTests.csproj", "{92C57B81-0A18-4D54-A31E-419F8EB388FD}"
EndProject
Project("{FAE04EC0-301F-11D3-BF4B-00C04F79EFBC}") = "Wilhelm.MainDataSet", "Wilhelm.DataSet\Wilhelm.MainDataSet.csproj", "{EB4149D6-D17E-4337-A86A-51A7A612C703}"
EndProject
Global
	GlobalSection(SolutionConfigurationPlatforms) = preSolution
		Debug|Any CPU = Debug|Any CPU
		Debug|x64 = Debug|x64
		Debug|x86 = Debug|x86
		Release|Any CPU = Release|Any CPU
		Release|x64 = Release|x64
		Release|x86 = Release|x86
	EndGlobalSection
	GlobalSection(ProjectConfigurationPlatforms) = postSolution
		{673AC60C-8B3D-46F0-B34A-EB4DAF7E2505}.Debug|Any CPU.ActiveCfg = Debug|Any CPU
		{673AC60C-8B3D-46F0-B34A-EB4DAF7E2505}.Debug|Any CPU.Build.0 = Debug|Any CPU
		{673AC60C-8B3D-46F0-B34A-EB4DAF7E2505}.Debug|x64.ActiveCfg = Debug|Any CPU
		{673AC60C-8B3D-46F0-B34A-EB4DAF7E2505}.Debug|x64.Build.0 = Debug|Any CPU
		{673AC60C-8B3D-46F0-B34A-EB4DAF7E2505}.Debug|x86.ActiveCfg = Debug|Any CPU
		{673AC60C-8B3D-46F0-B34A-EB4DAF7E2505}.Debug|x86.Build.0 = Debug|Any CPU
		{673AC60C-8B3D-46F0-B34A-EB4DAF7E2505}.Release|Any CPU.ActiveCfg = Release|Any CPU
		{673AC60C-8B3D-46F0-B34A-EB4DAF7E2505}.Release|Any CPU.Build.0 = Release|Any CPU
		{673AC60C-8B3D-46F0-B34A-EB4DAF7E2505}.Release|x64.ActiveCfg = Release|Any CPU
		{673AC60C-8B3D-46F0-B34A-EB4DAF7E2505}.Release|x64.Build.0 = Release|Any CPU
		{673AC60C-8B3D-46F0-B34A-EB4DAF7E2505}.Release|x86.ActiveCfg = Release|Any CPU
		{673AC60C-8B3D-46F0-B34A-EB4DAF7E2505}.Release|x86.Build.0 = Release|Any CPU
		{960D5EB6-6DBE-40F3-9052-A1754AA97C3F}.Debug|Any CPU.ActiveCfg = Debug|Any CPU
		{960D5EB6-6DBE-40F3-9052-A1754AA97C3F}.Debug|Any CPU.Build.0 = Debug|Any CPU
		{960D5EB6-6DBE-40F3-9052-A1754AA97C3F}.Debug|x64.ActiveCfg = Debug|Any CPU
		{960D5EB6-6DBE-40F3-9052-A1754AA97C3F}.Debug|x64.Build.0 = Debug|Any CPU
		{960D5EB6-6DBE-40F3-9052-A1754AA97C3F}.Debug|x86.ActiveCfg = Debug|Any CPU
		{960D5EB6-6DBE-40F3-9052-A1754AA97C3F}.Debug|x86.Build.0 = Debug|Any CPU
		{960D5EB6-6DBE-40F3-9052-A1754AA97C3F}.Release|Any CPU.ActiveCfg = Release|Any CPU
		{960D5EB6-6DBE-40F3-9052-A1754AA97C3F}.Release|Any CPU.Build.0 = Release|Any CPU
		{960D5EB6-6DBE-40F3-9052-A1754AA97C3F}.Release|x64.ActiveCfg = Release|Any CPU
		{960D5EB6-6DBE-40F3-9052-A1754AA97C3F}.Release|x64.Build.0 = Release|Any CPU
		{960D5EB6-6DBE-40F3-9052-A1754AA97C3F}.Release|x86.ActiveCfg = Release|Any CPU
		{960D5EB6-6DBE-40F3-9052-A1754AA97C3F}.Release|x86.Build.0 = Release|Any CPU
		{C08B35D0-5E1C-4487-B8EB-E93E465457A4}.Debug|Any CPU.ActiveCfg = Debug|Any CPU
		{C08B35D0-5E1C-4487-B8EB-E93E465457A4}.Debug|Any CPU.Build.0 = Debug|Any CPU
		{C08B35D0-5E1C-4487-B8EB-E93E465457A4}.Debug|x64.ActiveCfg = Debug|Any CPU
		{C08B35D0-5E1C-4487-B8EB-E93E465457A4}.Debug|x64.Build.0 = Debug|Any CPU
		{C08B35D0-5E1C-4487-B8EB-E93E465457A4}.Debug|x86.ActiveCfg = Debug|Any CPU
		{C08B35D0-5E1C-4487-B8EB-E93E465457A4}.Debug|x86.Build.0 = Debug|Any CPU
		{C08B35D0-5E1C-4487-B8EB-E93E465457A4}.Release|Any CPU.ActiveCfg = Release|Any CPU
		{C08B35D0-5E1C-4487-B8EB-E93E465457A4}.Release|Any CPU.Build.0 = Release|Any CPU
		{C08B35D0-5E1C-4487-B8EB-E93E465457A4}.Release|x64.ActiveCfg = Release|Any CPU
		{C08B35D0-5E1C-4487-B8EB-E93E465457A4}.Release|x64.Build.0 = Release|Any CPU
		{C08B35D0-5E1C-4487-B8EB-E93E465457A4}.Release|x86.ActiveCfg = Release|Any CPU
		{C08B35D0-5E1C-4487-B8EB-E93E465457A4}.Release|x86.Build.0 = Release|Any CPU
		{3CDEC469-3D9A-499E-8BB9-577C4BDAEF47}.Debug|Any CPU.ActiveCfg = Debug|Any CPU
		{3CDEC469-3D9A-499E-8BB9-577C4BDAEF47}.Debug|Any CPU.Build.0 = Debug|Any CPU
		{3CDEC469-3D9A-499E-8BB9-577C4BDAEF47}.Debug|x64.ActiveCfg = Debug|Any CPU
		{3CDEC469-3D9A-499E-8BB9-577C4BDAEF47}.Debug|x64.Build.0 = Debug|Any CPU
		{3CDEC469-3D9A-499E-8BB9-577C4BDAEF47}.Debug|x86.ActiveCfg = Debug|Any CPU
		{3CDEC469-3D9A-499E-8BB9-577C4BDAEF47}.Debug|x86.Build.0 = Debug|Any CPU
		{3CDEC469-3D9A-499E-8BB9-577C4BDAEF47}.Release|Any CPU.ActiveCfg = Release|Any CPU
		{3CDEC469-3D9A-499E-8BB9-577C4BDAEF47}.Release|Any CPU.Build.0 = Release|Any CPU
		{3CDEC469-3D9A-499E-8BB9-577C4BDAEF47}.Release|x64.ActiveCfg = Release|Any CPU
		{3CDEC469-3D9A-499E-8BB9-577C4BDAEF47}.Release|x64.Build.0 = Release|Any CPU
		{3CDEC469-3D9A-499E-8BB9-577C4BDAEF47}.Release|x86.ActiveCfg = Release|Any CPU
		{3CDEC469-3D9A-499E-8BB9-577C4BDAEF47}.Release|x86.Build.0 = Release|Any CPU
		{92C57B81-0A18-4D54-A31E-419F8EB388FD}.Debug|Any CPU.ActiveCfg = Debug|Any CPU
		{92C57B81-0A18-4D54-A31E-419F8EB388FD}.Debug|Any CPU.Build.0 = Debug|Any CPU
		{92C57B81-0A18-4D54-A31E-419F8EB388FD}.Debug|x64.ActiveCfg = Debug|Any CPU
		{92C57B81-0A18-4D54-A31E-419F8EB388FD}.Debug|x64.Build.0 = Debug|Any CPU
		{92C57B81-0A18-4D54-A31E-419F8EB388FD}.Debug|x86.ActiveCfg = Debug|Any CPU
		{92C57B81-0A18-4D54-A31E-419F8EB388FD}.Debug|x86.Build.0 = Debug|Any CPU
		{92C57B81-0A18-4D54-A31E-419F8EB388FD}.Release|Any CPU.ActiveCfg = Release|Any CPU
		{92C57B81-0A18-4D54-A31E-419F8EB388FD}.Release|Any CPU.Build.0 = Release|Any CPU
		{92C57B81-0A18-4D54-A31E-419F8EB388FD}.Release|x64.ActiveCfg = Release|Any CPU
		{92C57B81-0A18-4D54-A31E-419F8EB388FD}.Release|x64.Build.0 = Release|Any CPU
		{92C57B81-0A18-4D54-A31E-419F8EB388FD}.Release|x86.ActiveCfg = Release|Any CPU
		{92C57B81-0A18-4D54-A31E-419F8EB388FD}.Release|x86.Build.0 = Release|Any CPU
		{EB4149D6-D17E-4337-A86A-51A7A612C703}.Debug|Any CPU.ActiveCfg = Debug|Any CPU
		{EB4149D6-D17E-4337-A86A-51A7A612C703}.Debug|Any CPU.Build.0 = Debug|Any CPU
		{EB4149D6-D17E-4337-A86A-51A7A612C703}.Debug|x64.ActiveCfg = Debug|Any CPU
		{EB4149D6-D17E-4337-A86A-51A7A612C703}.Debug|x64.Build.0 = Debug|Any CPU
		{EB4149D6-D17E-4337-A86A-51A7A612C703}.Debug|x86.ActiveCfg = Debug|Any CPU
		{EB4149D6-D17E-4337-A86A-51A7A612C703}.Debug|x86.Build.0 = Debug|Any CPU
		{EB4149D6-D17E-4337-A86A-51A7A612C703}.Release|Any CPU.ActiveCfg = Release|Any CPU
		{EB4149D6-D17E-4337-A86A-51A7A612C703}.Release|Any CPU.Build.0 = Release|Any CPU
		{EB4149D6-D17E-4337-A86A-51A7A612C703}.Release|x64.ActiveCfg = Release|Any CPU
		{EB4149D6-D17E-4337-A86A-51A7A612C703}.Release|x64.Build.0 = Release|Any CPU
		{EB4149D6-D17E-4337-A86A-51A7A612C703}.Release|x86.ActiveCfg = Release|Any CPU
		{EB4149D6-D17E-4337-A86A-51A7A612C703}.Release|x86.Build.0 = Release|Any CPU
	EndGlobalSection
	GlobalSection(SolutionProperties) = preSolution
		HideSolutionNode = FALSE
	EndGlobalSection
	GlobalSection(ExtensibilityGlobals) = postSolution
		SolutionGuid = {92B88058-C884-497C-AF1C-ECFD3BB3050F}
	EndGlobalSection
EndGlobal
